
Microsoft Visual Studio Solution File, Format Version 12.00
# Visual Studio Version 16
VisualStudioVersion = 16.0.30804.86
MinimumVisualStudioVersion = 10.0.40219.1
Project("{9A19103F-16F7-4668-BE54-9A1E7A4F7556}") = "BasketConsole", "BasketConsole\BasketConsole.csproj", "{D6C834B4-88F1-4C72-A4DA-E4608430EA5F}"
EndProject
Project("{9A19103F-16F7-4668-BE54-9A1E7A4F7556}") = "BasketLib", "BasketLib\BasketLib.csproj", "{A274EE25-05FC-4E4F-9A35-6A31D83B3803}"
EndProject
Project("{FAE04EC0-301F-11D3-BF4B-00C04F79EFBC}") = "Tests", "Tests\Tests.csproj", "{E24B4B27-4FB0-4CEE-82AE-553B7249EA33}"
EndProject
Global
	GlobalSection(SolutionConfigurationPlatforms) = preSolution
		Debug|Any CPU = Debug|Any CPU
		Release|Any CPU = Release|Any CPU
	EndGlobalSection
	GlobalSection(ProjectConfigurationPlatforms) = postSolution
		{D6C834B4-88F1-4C72-A4DA-E4608430EA5F}.Debug|Any CPU.ActiveCfg = Debug|Any CPU
		{D6C834B4-88F1-4C72-A4DA-E4608430EA5F}.Debug|Any CPU.Build.0 = Debug|Any CPU
		{D6C834B4-88F1-4C72-A4DA-E4608430EA5F}.Release|Any CPU.ActiveCfg = Release|Any CPU
		{D6C834B4-88F1-4C72-A4DA-E4608430EA5F}.Release|Any CPU.Build.0 = Release|Any CPU
		{A274EE25-05FC-4E4F-9A35-6A31D83B3803}.Debug|Any CPU.ActiveCfg = Debug|Any CPU
		{A274EE25-05FC-4E4F-9A35-6A31D83B3803}.Debug|Any CPU.Build.0 = Debug|Any CPU
		{A274EE25-05FC-4E4F-9A35-6A31D83B3803}.Release|Any CPU.ActiveCfg = Release|Any CPU
		{A274EE25-05FC-4E4F-9A35-6A31D83B3803}.Release|Any CPU.Build.0 = Release|Any CPU
		{E24B4B27-4FB0-4CEE-82AE-553B7249EA33}.Debug|Any CPU.ActiveCfg = Debug|Any CPU
		{E24B4B27-4FB0-4CEE-82AE-553B7249EA33}.Debug|Any CPU.Build.0 = Debug|Any CPU
		{E24B4B27-4FB0-4CEE-82AE-553B7249EA33}.Release|Any CPU.ActiveCfg = Release|Any CPU
		{E24B4B27-4FB0-4CEE-82AE-553B7249EA33}.Release|Any CPU.Build.0 = Release|Any CPU
	EndGlobalSection
	GlobalSection(SolutionProperties) = preSolution
		HideSolutionNode = FALSE
	EndGlobalSection
	GlobalSection(ExtensibilityGlobals) = postSolution
		SolutionGuid = {F4D2052F-AF40-40C8-8DC0-CF3D1FD65B45}
	EndGlobalSection
EndGlobal
